{
  "name": "ad-control",
  "version": "1.0.0",
  "lockfileVersion": 1,
  "requires": true,
  "dependencies": {
    "ad-events": {
      "version": "file:../ad-events"
    },
    "ad-external": {
      "version": "file:../ad-external"
    },
    "ad-geom": {
      "version": "file:../ad-geom"
    },
    "ad-load": {
      "version": "file:../ad-load"
    }
  }
}
