{
  "name": "ad-control",
  "version": "1.0.0",
  "lockfileVersion": 1,
  "requires": true,
  "dependencies": {
    "ad-events": {
      "version": "file:../ad-events",
      "bundled": true,
      "requires": {
        "ad-external": "file:../ad-external",
        "ad-view": "file:../ad-view"
      },
      "dependencies": {
        "ad-external": {
          "version": "file:../ad-external",
          "bundled": true,
          "requires": {
            "ad-dates": "file:../ad-dates",
            "ad-legacy": "file:../ad-legacy",
            "ad-load": "file:../ad-load",
            "ad-utils": "file:../ad-utils"
          },
          "dependencies": {
            "ad-dates": {
              "version": "file:../ad-dates",
              "bundled": true,
              "requires": {
                "ad-dates": "file:../ad-dates",
                "ad-legacy": "file:../ad-legacy",
                "ad-load": "file:../ad-load",
                "ad-utils": "file:../ad-utils"
              },
              "dependencies": {
                "ad-legacy": {
                  "version": "file:../ad-legacy",
                  "bundled": true,
                  "requires": {
                    "ad-utils": "file:../ad-utils"
                  },
                  "dependencies": {
                    "ad-utils": {
                      "version": "file:../ad-utils",
                      "bundled": true
                    }
                  }
                },
                "ad-load": {
                  "version": "file:../ad-load",
                  "bundled": true
                },
                "ad-utils": {
                  "version": "file:../ad-utils",
                  "bundled": true
                }
              }
            },
            "ad-legacy": {
              "version": "file:../ad-legacy",
              "bundled": true,
              "requires": {
                "ad-utils": "file:../ad-utils"
              },
              "dependencies": {
                "ad-utils": {
                  "version": "file:../ad-utils",
                  "bundled": true
                }
              }
            },
            "ad-load": {
              "version": "file:../ad-load",
              "bundled": true
            },
            "ad-utils": {
              "version": "file:../ad-utils",
              "bundled": true
            }
          }
        },
        "ad-view": {
          "version": "file:../ad-view",
          "bundled": true,
          "requires": {
            "ad-control": "file:",
            "ad-utils": "file:../ad-utils"
          },
          "dependencies": {
            "ad-control": {
              "version": "file:",
              "bundled": true,
              "requires": {
                "ad-events": "file:../ad-events",
                "ad-external": "file:../ad-external",
                "ad-geom": "file:../ad-geom",
                "ad-load": "file:../ad-load",
                "ad-utils": "file:../ad-utils"
              },
              "dependencies": {
                "ad-events": {
                  "version": "file:../ad-events",
                  "bundled": true,
                  "requires": {
                    "ad-external": "file:../ad-external",
                    "ad-view": "file:../ad-view"
                  },
                  "dependencies": {
                    "ad-external": {
                      "version": "file:../ad-external",
                      "bundled": true,
                      "requires": {
                        "ad-dates": "file:../ad-dates",
                        "ad-legacy": "file:../ad-legacy",
                        "ad-load": "file:../ad-load",
                        "ad-utils": "file:../ad-utils"
                      },
                      "dependencies": {
                        "ad-dates": {
                          "version": "file:../ad-dates",
                          "bundled": true,
                          "requires": {
                            "ad-dates": "file:../ad-dates",
                            "ad-legacy": "file:../ad-legacy",
                            "ad-load": "file:../ad-load",
                            "ad-utils": "file:../ad-utils"
                          },
                          "dependencies": {
                            "ad-legacy": {
                              "version": "file:../ad-legacy",
                              "bundled": true,
                              "requires": {
                                "ad-utils": "file:../ad-utils"
                              },
                              "dependencies": {
                                "ad-utils": {
                                  "version": "file:../ad-utils",
                                  "bundled": true
                                }
                              }
                            },
                            "ad-load": {
                              "version": "file:../ad-load",
                              "bundled": true
                            },
                            "ad-utils": {
                              "version": "file:../ad-utils",
                              "bundled": true
                            }
                          }
                        },
                        "ad-legacy": {
                          "version": "file:../ad-legacy",
                          "bundled": true,
                          "requires": {
                            "ad-utils": "file:../ad-utils"
                          },
                          "dependencies": {
                            "ad-utils": {
                              "version": "file:../ad-utils",
                              "bundled": true
                            }
                          }
                        },
                        "ad-load": {
                          "version": "file:../ad-load",
                          "bundled": true
                        },
                        "ad-utils": {
                          "version": "file:../ad-utils",
                          "bundled": true
                        }
                      }
                    },
                    "ad-view": {
                      "version": "file:../ad-view",
                      "bundled": true,
                      "requires": {
                        "ad-control": "file:",
                        "ad-utils": "file:../ad-utils"
                      },
                      "dependencies": {
                        "ad-control": {
                          "version": "file:",
                          "bundled": true,
                          "requires": {
                            "ad-events": "file:../ad-events",
                            "ad-external": "file:../ad-external",
                            "ad-geom": "file:../ad-geom",
                            "ad-load": "file:../ad-load",
                            "ad-utils": "file:../ad-utils"
                          },
                          "dependencies": {
                            "ad-events": {
                              "version": "file:../ad-events",
                              "bundled": true,
                              "requires": {
                                "ad-external": "file:../ad-external",
                                "ad-view": "file:../ad-view"
                              },
                              "dependencies": {
                                "ad-external": {
                                  "version": "file:../ad-external",
                                  "bundled": true,
                                  "requires": {
                                    "ad-dates": "file:../ad-dates",
                                    "ad-legacy": "file:../ad-legacy",
                                    "ad-load": "file:../ad-load",
                                    "ad-utils": "file:../ad-utils"
                                  },
                                  "dependencies": {}
                                },
                                "ad-view": {
                                  "version": "file:../ad-view",
                                  "bundled": true,
                                  "requires": {
                                    "ad-control": "file:",
                                    "ad-utils": "file:../ad-utils"
                                  },
                                  "dependencies": {}
                                }
                              }
                            },
                            "ad-external": {
                              "version": "file:../ad-external",
                              "bundled": true,
                              "requires": {
                                "ad-dates": "file:../ad-dates",
                                "ad-legacy": "file:../ad-legacy",
                                "ad-load": "file:../ad-load",
                                "ad-utils": "file:../ad-utils"
                              },
                              "dependencies": {
                                "ad-dates": {
                                  "version": "file:../ad-dates",
                                  "bundled": true,
                                  "requires": {
                                    "ad-dates": "file:../ad-dates",
                                    "ad-legacy": "file:../ad-legacy",
                                    "ad-load": "file:../ad-load",
                                    "ad-utils": "file:../ad-utils"
                                  },
                                  "dependencies": {}
                                },
                                "ad-legacy": {
                                  "version": "file:../ad-legacy",
                                  "bundled": true,
                                  "requires": {
                                    "ad-utils": "file:../ad-utils"
                                  },
                                  "dependencies": {}
                                },
                                "ad-load": {
                                  "version": "file:../ad-load",
                                  "bundled": true
                                },
                                "ad-utils": {
                                  "version": "file:../ad-utils",
                                  "bundled": true
                                }
                              }
                            },
                            "ad-geom": {
                              "version": "file:../ad-geom",
                              "bundled": true
                            },
                            "ad-load": {
                              "version": "file:../ad-load",
                              "bundled": true
                            },
                            "ad-utils": {
                              "version": "file:../ad-utils",
                              "bundled": true
                            }
                          }
                        },
                        "ad-utils": {
                          "version": "file:../ad-utils",
                          "bundled": true
                        }
                      }
                    }
                  }
                },
                "ad-external": {
                  "version": "file:../ad-external",
                  "requires": {
                    "ad-dates": "file:../ad-dates",
                    "ad-legacy": "file:../ad-legacy",
                    "ad-load": "file:../ad-load",
                    "ad-utils": "file:../ad-utils"
                  },
                  "dependencies": {
                    "ad-dates": {
                      "version": "file:../ad-dates",
                      "bundled": true,
                      "requires": {
                        "ad-dates": "file:../ad-dates",
                        "ad-legacy": "file:../ad-legacy",
                        "ad-load": "file:../ad-load",
                        "ad-utils": "file:../ad-utils"
                      },
                      "dependencies": {
                        "ad-legacy": {
                          "version": "file:../ad-legacy",
                          "bundled": true,
                          "requires": {
                            "ad-utils": "file:../ad-utils"
                          },
                          "dependencies": {
                            "ad-utils": {
                              "version": "file:../ad-utils",
                              "bundled": true
                            }
                          }
                        },
                        "ad-load": {
                          "version": "file:../ad-load",
                          "bundled": true
                        },
                        "ad-utils": {
                          "version": "file:../ad-utils",
                          "bundled": true
                        }
                      }
                    },
                    "ad-legacy": {
                      "version": "file:../ad-legacy",
                      "bundled": true,
                      "requires": {
                        "ad-utils": "file:../ad-utils"
                      },
                      "dependencies": {
                        "ad-utils": {
                          "version": "file:../ad-utils",
                          "bundled": true
                        }
                      }
                    },
                    "ad-load": {
                      "version": "file:../ad-load",
                      "bundled": true
                    },
                    "ad-utils": {
                      "version": "file:../ad-utils",
                      "bundled": true
                    }
                  }
                },
                "ad-geom": {
                  "version": "file:../ad-geom"
                },
                "ad-load": {
                  "version": "file:../ad-load"
                },
                "ad-utils": {
                  "version": "file:../ad-utils"
                }
              }
            },
            "ad-utils": {
              "version": "file:../ad-utils",
              "bundled": true
            }
          }
        }
      }
    },
    "ad-external": {
      "version": "file:../ad-external",
      "requires": {
        "ad-dates": "file:../ad-dates",
        "ad-legacy": "file:../ad-legacy",
        "ad-load": "file:../ad-load",
        "ad-utils": "file:../ad-utils"
      },
      "dependencies": {}
    },
    "ad-geom": {
      "version": "file:../ad-geom"
    },
    "ad-load": {
      "version": "file:../ad-load"
    },
    "ad-utils": {
      "version": "file:../ad-utils"
    },
    "ad-view": {
      "version": "file:../ad-view",
      "requires": {
        "ad-control": "file:",
        "ad-utils": "file:../ad-utils"
      },
      "dependencies": {
        "ad-control": {
          "version": "file:",
          "bundled": true,
          "requires": {
            "ad-events": "file:../ad-events",
            "ad-external": "file:../ad-external",
            "ad-geom": "file:../ad-geom",
            "ad-load": "file:../ad-load",
            "ad-utils": "file:../ad-utils"
          },
          "dependencies": {
            "ad-events": {
              "version": "file:../ad-events",
              "bundled": true,
              "requires": {
                "ad-external": "file:../ad-external",
                "ad-view": "file:../ad-view"
              },
              "dependencies": {
                "ad-external": {
                  "version": "file:../ad-external",
                  "bundled": true,
                  "requires": {
                    "ad-dates": "file:../ad-dates",
                    "ad-legacy": "file:../ad-legacy",
                    "ad-load": "file:../ad-load",
                    "ad-utils": "file:../ad-utils"
                  },
                  "dependencies": {
                    "ad-dates": {
                      "version": "file:../ad-dates",
                      "bundled": true,
                      "requires": {
                        "ad-dates": "file:../ad-dates",
                        "ad-legacy": "file:../ad-legacy",
                        "ad-load": "file:../ad-load",
                        "ad-utils": "file:../ad-utils"
                      },
                      "dependencies": {
                        "ad-legacy": {
                          "version": "file:../ad-legacy",
                          "bundled": true,
                          "requires": {
                            "ad-utils": "file:../ad-utils"
                          },
                          "dependencies": {
                            "ad-utils": {
                              "version": "file:../ad-utils",
                              "bundled": true
                            }
                          }
                        },
                        "ad-load": {
                          "version": "file:../ad-load",
                          "bundled": true
                        },
                        "ad-utils": {
                          "version": "file:../ad-utils",
                          "bundled": true
                        }
                      }
                    },
                    "ad-legacy": {
                      "version": "file:../ad-legacy",
                      "bundled": true,
                      "requires": {
                        "ad-utils": "file:../ad-utils"
                      },
                      "dependencies": {
                        "ad-utils": {
                          "version": "file:../ad-utils",
                          "bundled": true
                        }
                      }
                    },
                    "ad-load": {
                      "version": "file:../ad-load",
                      "bundled": true
                    },
                    "ad-utils": {
                      "version": "file:../ad-utils",
                      "bundled": true
                    }
                  }
                },
                "ad-view": {
                  "version": "file:../ad-view",
                  "bundled": true,
                  "requires": {
                    "ad-control": "file:",
                    "ad-utils": "file:../ad-utils"
                  },
                  "dependencies": {
                    "ad-control": {
                      "version": "file:",
                      "bundled": true,
                      "requires": {
                        "ad-events": "file:../ad-events",
                        "ad-external": "file:../ad-external",
                        "ad-geom": "file:../ad-geom",
                        "ad-load": "file:../ad-load",
                        "ad-utils": "file:../ad-utils"
                      },
                      "dependencies": {}
                    },
                    "ad-utils": {
                      "version": "file:../ad-utils",
                      "bundled": true
                    }
                  }
                }
              }
            },
            "ad-external": {
              "version": "file:../ad-external",
              "bundled": true,
              "requires": {
                "ad-dates": "file:../ad-dates",
                "ad-legacy": "file:../ad-legacy",
                "ad-load": "file:../ad-load",
                "ad-utils": "file:../ad-utils"
              },
              "dependencies": {
                "ad-dates": {
                  "version": "file:../ad-dates",
                  "bundled": true,
                  "requires": {
                    "ad-dates": "file:../ad-dates",
                    "ad-legacy": "file:../ad-legacy",
                    "ad-load": "file:../ad-load",
                    "ad-utils": "file:../ad-utils"
                  },
                  "dependencies": {}
                },
                "ad-legacy": {
                  "version": "file:../ad-legacy",
                  "bundled": true,
                  "requires": {
                    "ad-utils": "file:../ad-utils"
                  },
                  "dependencies": {}
                },
                "ad-load": {
                  "version": "file:../ad-load",
                  "bundled": true
                },
                "ad-utils": {
                  "version": "file:../ad-utils",
                  "bundled": true
                }
              }
            },
            "ad-geom": {
              "version": "file:../ad-geom",
              "bundled": true
            },
            "ad-load": {
              "version": "file:../ad-load",
              "bundled": true
            },
            "ad-utils": {
              "version": "file:../ad-utils",
              "bundled": true
            }
          }
        },
        "ad-utils": {
          "version": "file:../ad-utils",
          "bundled": true
        }
      }
    }
  }
}
